
Microsoft Visual Studio Solution File, Format Version 12.00
# Visual Studio Version 17
VisualStudioVersion = 17.6.33815.320
MinimumVisualStudioVersion = 10.0.40219.1
Project("{FAE04EC0-301F-11D3-BF4B-00C04F79EFBC}") = "WebApi", "WebApi\WebApi.csproj", "{D2775839-0693-4AE0-92F0-B4672E58C5E6}"
EndProject
Global
	GlobalSection(SolutionConfigurationPlatforms) = preSolution
		Debug|Any CPU = Debug|Any CPU
		Release|Any CPU = Release|Any CPU
	EndGlobalSection
	GlobalSection(ProjectConfigurationPlatforms) = postSolution
		{D2775839-0693-4AE0-92F0-B4672E58C5E6}.Debug|Any CPU.ActiveCfg = Debug|Any CPU
		{D2775839-0693-4AE0-92F0-B4672E58C5E6}.Debug|Any CPU.Build.0 = Debug|Any CPU
		{D2775839-0693-4AE0-92F0-B4672E58C5E6}.Release|Any CPU.ActiveCfg = Release|Any CPU
		{D2775839-0693-4AE0-92F0-B4672E58C5E6}.Release|Any CPU.Build.0 = Release|Any CPU
	EndGlobalSection
	GlobalSection(SolutionProperties) = preSolution
		HideSolutionNode = FALSE
	EndGlobalSection
	GlobalSection(ExtensibilityGlobals) = postSolution
		SolutionGuid = {D5B6E692-EF47-4AA2-8E6D-AA97EF359DFD}
	EndGlobalSection
EndGlobal
